
Microsoft Visual Studio Solution File, Format Version 12.00
# Visual Studio Version 16
VisualStudioVersion = 16.0.30114.105
MinimumVisualStudioVersion = 10.0.40219.1
Project("{FAE04EC0-301F-11D3-BF4B-00C04F79EFBC}") = "SiloConsoleApp", "SiloConsoleApp\SiloConsoleApp.csproj", "{DAC26679-00E8-4D51-862A-1CFE0D9F2D6D}"
EndProject
Project("{FAE04EC0-301F-11D3-BF4B-00C04F79EFBC}") = "GrainInterfaces", "GrainInterfaces\GrainInterfaces.csproj", "{68BDD464-B93A-4F65-B278-85861685258A}"
EndProject
Project("{FAE04EC0-301F-11D3-BF4B-00C04F79EFBC}") = "Grains", "Grains\Grains.csproj", "{F75DC0DC-EE95-4754-BAE0-2054517E16DA}"
EndProject
Project("{FAE04EC0-301F-11D3-BF4B-00C04F79EFBC}") = "FrontEnd", "FrontEnd\FrontEnd.csproj", "{61394A53-91BD-4D37-8615-A24A73911E33}"
EndProject
Project("{FAE04EC0-301F-11D3-BF4B-00C04F79EFBC}") = "LoadTestingClient", "LoadTestingClient\LoadTestingClient.csproj", "{BF1EA0BC-22D1-410F-898E-A1B18E38A8AB}"
EndProject
Project("{FAE04EC0-301F-11D3-BF4B-00C04F79EFBC}") = "Services", "Services\Services.csproj", "{79BD2D6A-ACA2-44AA-BB24-B083DE9D82DF}"
EndProject
Project("{FAE04EC0-301F-11D3-BF4B-00C04F79EFBC}") = "Models", "Models\Models.csproj", "{C3DB1C91-43E1-404A-B524-5889C8DBF650}"
EndProject
Project("{FAE04EC0-301F-11D3-BF4B-00C04F79EFBC}") = "SiloWebApp", "SiloWebApp\SiloWebApp.csproj", "{6B90035B-04D8-458A-916F-EE84287AF3E4}"
EndProject
Global
	GlobalSection(SolutionConfigurationPlatforms) = preSolution
		Debug|Any CPU = Debug|Any CPU
		Debug|x64 = Debug|x64
		Debug|x86 = Debug|x86
		Release|Any CPU = Release|Any CPU
		Release|x64 = Release|x64
		Release|x86 = Release|x86
	EndGlobalSection
	GlobalSection(SolutionProperties) = preSolution
		HideSolutionNode = FALSE
	EndGlobalSection
	GlobalSection(ProjectConfigurationPlatforms) = postSolution
		{DAC26679-00E8-4D51-862A-1CFE0D9F2D6D}.Debug|Any CPU.ActiveCfg = Debug|Any CPU
		{DAC26679-00E8-4D51-862A-1CFE0D9F2D6D}.Debug|Any CPU.Build.0 = Debug|Any CPU
		{DAC26679-00E8-4D51-862A-1CFE0D9F2D6D}.Debug|x64.ActiveCfg = Debug|Any CPU
		{DAC26679-00E8-4D51-862A-1CFE0D9F2D6D}.Debug|x64.Build.0 = Debug|Any CPU
		{DAC26679-00E8-4D51-862A-1CFE0D9F2D6D}.Debug|x86.ActiveCfg = Debug|Any CPU
		{DAC26679-00E8-4D51-862A-1CFE0D9F2D6D}.Debug|x86.Build.0 = Debug|Any CPU
		{DAC26679-00E8-4D51-862A-1CFE0D9F2D6D}.Release|Any CPU.ActiveCfg = Release|Any CPU
		{DAC26679-00E8-4D51-862A-1CFE0D9F2D6D}.Release|Any CPU.Build.0 = Release|Any CPU
		{DAC26679-00E8-4D51-862A-1CFE0D9F2D6D}.Release|x64.ActiveCfg = Release|Any CPU
		{DAC26679-00E8-4D51-862A-1CFE0D9F2D6D}.Release|x64.Build.0 = Release|Any CPU
		{DAC26679-00E8-4D51-862A-1CFE0D9F2D6D}.Release|x86.ActiveCfg = Release|Any CPU
		{DAC26679-00E8-4D51-862A-1CFE0D9F2D6D}.Release|x86.Build.0 = Release|Any CPU
		{68BDD464-B93A-4F65-B278-85861685258A}.Debug|Any CPU.ActiveCfg = Debug|Any CPU
		{68BDD464-B93A-4F65-B278-85861685258A}.Debug|Any CPU.Build.0 = Debug|Any CPU
		{68BDD464-B93A-4F65-B278-85861685258A}.Debug|x64.ActiveCfg = Debug|Any CPU
		{68BDD464-B93A-4F65-B278-85861685258A}.Debug|x64.Build.0 = Debug|Any CPU
		{68BDD464-B93A-4F65-B278-85861685258A}.Debug|x86.ActiveCfg = Debug|Any CPU
		{68BDD464-B93A-4F65-B278-85861685258A}.Debug|x86.Build.0 = Debug|Any CPU
		{68BDD464-B93A-4F65-B278-85861685258A}.Release|Any CPU.ActiveCfg = Release|Any CPU
		{68BDD464-B93A-4F65-B278-85861685258A}.Release|Any CPU.Build.0 = Release|Any CPU
		{68BDD464-B93A-4F65-B278-85861685258A}.Release|x64.ActiveCfg = Release|Any CPU
		{68BDD464-B93A-4F65-B278-85861685258A}.Release|x64.Build.0 = Release|Any CPU
		{68BDD464-B93A-4F65-B278-85861685258A}.Release|x86.ActiveCfg = Release|Any CPU
		{68BDD464-B93A-4F65-B278-85861685258A}.Release|x86.Build.0 = Release|Any CPU
		{F75DC0DC-EE95-4754-BAE0-2054517E16DA}.Debug|Any CPU.ActiveCfg = Debug|Any CPU
		{F75DC0DC-EE95-4754-BAE0-2054517E16DA}.Debug|Any CPU.Build.0 = Debug|Any CPU
		{F75DC0DC-EE95-4754-BAE0-2054517E16DA}.Debug|x64.ActiveCfg = Debug|Any CPU
		{F75DC0DC-EE95-4754-BAE0-2054517E16DA}.Debug|x64.Build.0 = Debug|Any CPU
		{F75DC0DC-EE95-4754-BAE0-2054517E16DA}.Debug|x86.ActiveCfg = Debug|Any CPU
		{F75DC0DC-EE95-4754-BAE0-2054517E16DA}.Debug|x86.Build.0 = Debug|Any CPU
		{F75DC0DC-EE95-4754-BAE0-2054517E16DA}.Release|Any CPU.ActiveCfg = Release|Any CPU
		{F75DC0DC-EE95-4754-BAE0-2054517E16DA}.Release|Any CPU.Build.0 = Release|Any CPU
		{F75DC0DC-EE95-4754-BAE0-2054517E16DA}.Release|x64.ActiveCfg = Release|Any CPU
		{F75DC0DC-EE95-4754-BAE0-2054517E16DA}.Release|x64.Build.0 = Release|Any CPU
		{F75DC0DC-EE95-4754-BAE0-2054517E16DA}.Release|x86.ActiveCfg = Release|Any CPU
		{F75DC0DC-EE95-4754-BAE0-2054517E16DA}.Release|x86.Build.0 = Release|Any CPU
		{61394A53-91BD-4D37-8615-A24A73911E33}.Debug|Any CPU.ActiveCfg = Debug|Any CPU
		{61394A53-91BD-4D37-8615-A24A73911E33}.Debug|Any CPU.Build.0 = Debug|Any CPU
		{61394A53-91BD-4D37-8615-A24A73911E33}.Debug|x64.ActiveCfg = Debug|Any CPU
		{61394A53-91BD-4D37-8615-A24A73911E33}.Debug|x64.Build.0 = Debug|Any CPU
		{61394A53-91BD-4D37-8615-A24A73911E33}.Debug|x86.ActiveCfg = Debug|Any CPU
		{61394A53-91BD-4D37-8615-A24A73911E33}.Debug|x86.Build.0 = Debug|Any CPU
		{61394A53-91BD-4D37-8615-A24A73911E33}.Release|Any CPU.ActiveCfg = Release|Any CPU
		{61394A53-91BD-4D37-8615-A24A73911E33}.Release|Any CPU.Build.0 = Release|Any CPU
		{61394A53-91BD-4D37-8615-A24A73911E33}.Release|x64.ActiveCfg = Release|Any CPU
		{61394A53-91BD-4D37-8615-A24A73911E33}.Release|x64.Build.0 = Release|Any CPU
		{61394A53-91BD-4D37-8615-A24A73911E33}.Release|x86.ActiveCfg = Release|Any CPU
		{61394A53-91BD-4D37-8615-A24A73911E33}.Release|x86.Build.0 = Release|Any CPU
		{BF1EA0BC-22D1-410F-898E-A1B18E38A8AB}.Debug|Any CPU.ActiveCfg = Debug|Any CPU
		{BF1EA0BC-22D1-410F-898E-A1B18E38A8AB}.Debug|Any CPU.Build.0 = Debug|Any CPU
		{BF1EA0BC-22D1-410F-898E-A1B18E38A8AB}.Debug|x64.ActiveCfg = Debug|Any CPU
		{BF1EA0BC-22D1-410F-898E-A1B18E38A8AB}.Debug|x64.Build.0 = Debug|Any CPU
		{BF1EA0BC-22D1-410F-898E-A1B18E38A8AB}.Debug|x86.ActiveCfg = Debug|Any CPU
		{BF1EA0BC-22D1-410F-898E-A1B18E38A8AB}.Debug|x86.Build.0 = Debug|Any CPU
		{BF1EA0BC-22D1-410F-898E-A1B18E38A8AB}.Release|Any CPU.ActiveCfg = Release|Any CPU
		{BF1EA0BC-22D1-410F-898E-A1B18E38A8AB}.Release|Any CPU.Build.0 = Release|Any CPU
		{BF1EA0BC-22D1-410F-898E-A1B18E38A8AB}.Release|x64.ActiveCfg = Release|Any CPU
		{BF1EA0BC-22D1-410F-898E-A1B18E38A8AB}.Release|x64.Build.0 = Release|Any CPU
		{BF1EA0BC-22D1-410F-898E-A1B18E38A8AB}.Release|x86.ActiveCfg = Release|Any CPU
		{BF1EA0BC-22D1-410F-898E-A1B18E38A8AB}.Release|x86.Build.0 = Release|Any CPU
		{79BD2D6A-ACA2-44AA-BB24-B083DE9D82DF}.Debug|Any CPU.ActiveCfg = Debug|Any CPU
		{79BD2D6A-ACA2-44AA-BB24-B083DE9D82DF}.Debug|Any CPU.Build.0 = Debug|Any CPU
		{79BD2D6A-ACA2-44AA-BB24-B083DE9D82DF}.Debug|x64.ActiveCfg = Debug|Any CPU
		{79BD2D6A-ACA2-44AA-BB24-B083DE9D82DF}.Debug|x64.Build.0 = Debug|Any CPU
		{79BD2D6A-ACA2-44AA-BB24-B083DE9D82DF}.Debug|x86.ActiveCfg = Debug|Any CPU
		{79BD2D6A-ACA2-44AA-BB24-B083DE9D82DF}.Debug|x86.Build.0 = Debug|Any CPU
		{79BD2D6A-ACA2-44AA-BB24-B083DE9D82DF}.Release|Any CPU.ActiveCfg = Release|Any CPU
		{79BD2D6A-ACA2-44AA-BB24-B083DE9D82DF}.Release|Any CPU.Build.0 = Release|Any CPU
		{79BD2D6A-ACA2-44AA-BB24-B083DE9D82DF}.Release|x64.ActiveCfg = Release|Any CPU
		{79BD2D6A-ACA2-44AA-BB24-B083DE9D82DF}.Release|x64.Build.0 = Release|Any CPU
		{79BD2D6A-ACA2-44AA-BB24-B083DE9D82DF}.Release|x86.ActiveCfg = Release|Any CPU
		{79BD2D6A-ACA2-44AA-BB24-B083DE9D82DF}.Release|x86.Build.0 = Release|Any CPU
		{C3DB1C91-43E1-404A-B524-5889C8DBF650}.Debug|Any CPU.ActiveCfg = Debug|Any CPU
		{C3DB1C91-43E1-404A-B524-5889C8DBF650}.Debug|Any CPU.Build.0 = Debug|Any CPU
		{C3DB1C91-43E1-404A-B524-5889C8DBF650}.Debug|x64.ActiveCfg = Debug|Any CPU
		{C3DB1C91-43E1-404A-B524-5889C8DBF650}.Debug|x64.Build.0 = Debug|Any CPU
		{C3DB1C91-43E1-404A-B524-5889C8DBF650}.Debug|x86.ActiveCfg = Debug|Any CPU
		{C3DB1C91-43E1-404A-B524-5889C8DBF650}.Debug|x86.Build.0 = Debug|Any CPU
		{C3DB1C91-43E1-404A-B524-5889C8DBF650}.Release|Any CPU.ActiveCfg = Release|Any CPU
		{C3DB1C91-43E1-404A-B524-5889C8DBF650}.Release|Any CPU.Build.0 = Release|Any CPU
		{C3DB1C91-43E1-404A-B524-5889C8DBF650}.Release|x64.ActiveCfg = Release|Any CPU
		{C3DB1C91-43E1-404A-B524-5889C8DBF650}.Release|x64.Build.0 = Release|Any CPU
		{C3DB1C91-43E1-404A-B524-5889C8DBF650}.Release|x86.ActiveCfg = Release|Any CPU
		{C3DB1C91-43E1-404A-B524-5889C8DBF650}.Release|x86.Build.0 = Release|Any CPU
		{6B90035B-04D8-458A-916F-EE84287AF3E4}.Debug|Any CPU.ActiveCfg = Debug|Any CPU
		{6B90035B-04D8-458A-916F-EE84287AF3E4}.Debug|Any CPU.Build.0 = Debug|Any CPU
		{6B90035B-04D8-458A-916F-EE84287AF3E4}.Debug|x64.ActiveCfg = Debug|Any CPU
		{6B90035B-04D8-458A-916F-EE84287AF3E4}.Debug|x64.Build.0 = Debug|Any CPU
		{6B90035B-04D8-458A-916F-EE84287AF3E4}.Debug|x86.ActiveCfg = Debug|Any CPU
		{6B90035B-04D8-458A-916F-EE84287AF3E4}.Debug|x86.Build.0 = Debug|Any CPU
		{6B90035B-04D8-458A-916F-EE84287AF3E4}.Release|Any CPU.ActiveCfg = Release|Any CPU
		{6B90035B-04D8-458A-916F-EE84287AF3E4}.Release|Any CPU.Build.0 = Release|Any CPU
		{6B90035B-04D8-458A-916F-EE84287AF3E4}.Release|x64.ActiveCfg = Release|Any CPU
		{6B90035B-04D8-458A-916F-EE84287AF3E4}.Release|x64.Build.0 = Release|Any CPU
		{6B90035B-04D8-458A-916F-EE84287AF3E4}.Release|x86.ActiveCfg = Release|Any CPU
		{6B90035B-04D8-458A-916F-EE84287AF3E4}.Release|x86.Build.0 = Release|Any CPU
	EndGlobalSection
EndGlobal
